{
  "name": "victoryang00.github.io",
  "lockfileVersion": 3,
  "requires": true,
  "packages": {
    "": {
      "dependencies": {
        "@wllama/wllama": "^2.2.0"
      }
    },
    "node_modules/@wllama/wllama": {
      "version": "2.2.0",
      "resolved": "https://registry.npmjs.org/@wllama/wllama/-/wllama-2.2.0.tgz",
      "integrity": "sha512-ny3FBpHhi4dJ8CaIk7l5AJ2yY+94wvGNJXgOxXIH/ITvgX4jvOb9eFKvRocZTcaZIKipLB/z5FtSgQFi1fdDdQ==",
      "license": "MIT"
    }
  }
}
